{
  "requires": true,
  "lockfileVersion": 1,
  "dependencies": {
    "jquery": {
      "version": "3.6.0",
      "resolved": "https://registry.npmjs.org/jquery/-/jquery-3.6.0.tgz",
      "integrity": "sha512-JVzAR/AjBvVt2BmYhxRCSYysDsPcssdmTFnzyLEts9qNwmjmu4JTAMYubEfwVOSwpQ1I1sKKFcxhZCI2buerfw=="
    },
    "jquery-csv": {
      "version": "1.0.11",
      "resolved": "https://registry.npmjs.org/jquery-csv/-/jquery-csv-1.0.11.tgz",
      "integrity": "sha512-KDPc3wFLTFO68p/4IqsODZCjBp+y9axDa/pr36pDKrWk6yyHf8Nk1FqAGXvaUb6H7J1zJSYszABIFj0a40QXRA=="
    },
    "omnitone": {
      "version": "1.3.0",
      "resolved": "https://registry.npmjs.org/omnitone/-/omnitone-1.3.0.tgz",
      "integrity": "sha512-iYmS66kHMw5K3E4cXaiBjjBg3hzinUhD9NrvkGZc33QcYSZVclytcD84Du2aL1Wdp7ulAfxfNMHlC8TXxuhgew=="
    },
    "resonance-audio": {
      "version": "1.0.0",
      "resolved": "https://registry.npmjs.org/resonance-audio/-/resonance-audio-1.0.0.tgz",
      "integrity": "sha512-9ciGZtOhvSyfAIcAF1V6u4UKasgT02R0a19j3KE2/zC5TgMY3pVf+f+k5KXEcPP4TGOzh+KDNM6QVvBsj0e3qg==",
      "requires": {
        "omnitone": "^1.0.5"
      }
    }
  }
}
